// !$*UTF8*$!
{
	archiveVersion = 1;
	classes = {
	};
	objectVersion = 50;
	objects = {

/* Begin PBXBuildFile section */
		245D6AFC21FE48070041413E /* AppDelegate.swift in Sources */ = {isa = PBXBuildFile; fileRef = 245D6AFB21FE48070041413E /* AppDelegate.swift */; };
		245D6AFE21FE48070041413E /* ViewController.swift in Sources */ = {isa = PBXBuildFile; fileRef = 245D6AFD21FE48070041413E /* ViewController.swift */; };
		245D6B0121FE48070041413E /* Main.storyboard in Resources */ = {isa = PBXBuildFile; fileRef = 245D6AFF21FE48070041413E /* Main.storyboard */; };
		245D6B0321FE48090041413E /* Assets.xcassets in Resources */ = {isa = PBXBuildFile; fileRef = 245D6B0221FE48090041413E /* Assets.xcassets */; };
		245D6B0621FE48090041413E /* LaunchScreen.storyboard in Resources */ = {isa = PBXBuildFile; fileRef = 245D6B0421FE48090041413E /* LaunchScreen.storyboard */; };
		245D6B1121FE480A0041413E /* MVVMTests.swift in Sources */ = {isa = PBXBuildFile; fileRef = 245D6B1021FE480A0041413E /* MVVMTests.swift */; };
		245D6B1C21FE480A0041413E /* MVVMUITests.swift in Sources */ = {isa = PBXBuildFile; fileRef = 245D6B1B21FE480A0041413E /* MVVMUITests.swift */; };
		245D6B2A21FE48BE0041413E /* User.swift in Sources */ = {isa = PBXBuildFile; fileRef = 245D6B2921FE48BE0041413E /* User.swift */; };
		245D6B2C21FE497D0041413E /* UserViewModel.swift in Sources */ = {isa = PBXBuildFile; fileRef = 245D6B2B21FE497D0041413E /* UserViewModel.swift */; };
		2460840E22078F7C0022AC61 /* Box.swift in Sources */ = {isa = PBXBuildFile; fileRef = 2460840D22078F7C0022AC61 /* Box.swift */; };
/* End PBXBuildFile section */

/* Begin PBXContainerItemProxy section */
		245D6B0D21FE480A0041413E /* PBXContainerItemProxy */ = {
			isa = PBXContainerItemProxy;
			containerPortal = 245D6AF021FE48070041413E /* Project object */;
			proxyType = 1;
			remoteGlobalIDString = 245D6AF721FE48070041413E;
			remoteInfo = MVVM;
		};
		245D6B1821FE480A0041413E /* PBXContainerItemProxy */ = {
			isa = PBXContainerItemProxy;
			containerPortal = 245D6AF021FE48070041413E /* Project object */;
			proxyType = 1;
			remoteGlobalIDString = 245D6AF721FE48070041413E;
			remoteInfo = MVVM;
		};
/* End PBXContainerItemProxy section */

/* Begin PBXFileReference section */
		245D6AF821FE48070041413E /* MVVM.app */ = {isa = PBXFileReference; explicitFileType = wrapper.application; includeInIndex = 0; path = MVVM.app; sourceTree = BUILT_PRODUCTS_DIR; };
		245D6AFB21FE48070041413E /* AppDelegate.swift */ = {isa = PBXFileReference; lastKnownFileType = sourcecode.swift; path = AppDelegate.swift; sourceTree = "<group>"; };
		245D6AFD21FE48070041413E /* ViewController.swift */ = {isa = PBXFileReference; lastKnownFileType = sourcecode.swift; path = ViewController.swift; sourceTree = "<group>"; };
		245D6B0021FE48070041413E /* Base */ = {isa = PBXFileReference; lastKnownFileType = file.storyboard; name = Base; path = Base.lproj/Main.storyboard; sourceTree = "<group>"; };
		245D6B0221FE48090041413E /* Assets.xcassets */ = {isa = PBXFileReference; lastKnownFileType = folder.assetcatalog; path = Assets.xcassets; sourceTree = "<group>"; };
		245D6B0521FE48090041413E /* Base */ = {isa = PBXFileReference; lastKnownFileType = file.storyboard; name = Base; path = Base.lproj/LaunchScreen.storyboard; sourceTree = "<group>"; };
		245D6B0721FE480A0041413E /* Info.plist */ = {isa = PBXFileReference; lastKnownFileType = text.plist.xml; path = Info.plist; sourceTree = "<group>"; };
		245D6B0C21FE480A0041413E /* MVVMTests.xctest */ = {isa = PBXFileReference; explicitFileType = wrapper.cfbundle; includeInIndex = 0; path = MVVMTests.xctest; sourceTree = BUILT_PRODUCTS_DIR; };
		245D6B1021FE480A0041413E /* MVVMTests.swift */ = {isa = PBXFileReference; lastKnownFileType = sourcecode.swift; path = MVVMTests.swift; sourceTree = "<group>"; };
		245D6B1221FE480A0041413E /* Info.plist */ = {isa = PBXFileReference; lastKnownFileType = text.plist.xml; path = Info.plist; sourceTree = "<group>"; };
		245D6B1721FE480A0041413E /* MVVMUITests.xctest */ = {isa = PBXFileReference; explicitFileType = wrapper.cfbundle; includeInIndex = 0; path = MVVMUITests.xctest; sourceTree = BUILT_PRODUCTS_DIR; };
		245D6B1B21FE480A0041413E /* MVVMUITests.swift */ = {isa = PBXFileReference; lastKnownFileType = sourcecode.swift; path = MVVMUITests.swift; sourceTree = "<group>"; };
		245D6B1D21FE480A0041413E /* Info.plist */ = {isa = PBXFileReference; lastKnownFileType = text.plist.xml; path = Info.plist; sourceTree = "<group>"; };
		245D6B2921FE48BE0041413E /* User.swift */ = {isa = PBXFileReference; lastKnownFileType = sourcecode.swift; path = User.swift; sourceTree = "<group>"; };
		245D6B2B21FE497D0041413E /* UserViewModel.swift */ = {isa = PBXFileReference; lastKnownFileType = sourcecode.swift; path = UserViewModel.swift; sourceTree = "<group>"; };
		2460840D22078F7C0022AC61 /* Box.swift */ = {isa = PBXFileReference; lastKnownFileType = sourcecode.swift; path = Box.swift; sourceTree = "<group>"; };
/* End PBXFileReference section */

/* Begin PBXFrameworksBuildPhase section */
		245D6AF521FE48070041413E /* Frameworks */ = {
			isa = PBXFrameworksBuildPhase;
			buildActionMask = 2147483647;
			files = (
			);
			runOnlyForDeploymentPostprocessing = 0;
		};
		245D6B0921FE480A0041413E /* Frameworks */ = {
			isa = PBXFrameworksBuildPhase;
			buildActionMask = 2147483647;
			files = (
			);
			runOnlyForDeploymentPostprocessing = 0;
		};
		245D6B1421FE480A0041413E /* Frameworks */ = {
			isa = PBXFrameworksBuildPhase;
			buildActionMask = 2147483647;
			files = (
			);
			runOnlyForDeploymentPostprocessing = 0;
		};
/* End PBXFrameworksBuildPhase section */

/* Begin PBXGroup section */
		245D6AEF21FE48070041413E = {
			isa = PBXGroup;
			children = (
				245D6AFA21FE48070041413E /* MVVM */,
				245D6B0F21FE480A0041413E /* MVVMTests */,
				245D6B1A21FE480A0041413E /* MVVMUITests */,
				245D6AF921FE48070041413E /* Products */,
			);
			sourceTree = "<group>";
		};
		245D6AF921FE48070041413E /* Products */ = {
			isa = PBXGroup;
			children = (
				245D6AF821FE48070041413E /* MVVM.app */,
				245D6B0C21FE480A0041413E /* MVVMTests.xctest */,
				245D6B1721FE480A0041413E /* MVVMUITests.xctest */,
			);
			name = Products;
			sourceTree = "<group>";
		};
		245D6AFA21FE48070041413E /* MVVM */ = {
			isa = PBXGroup;
			children = (
				245D6AFB21FE48070041413E /* AppDelegate.swift */,
				245D6AFD21FE48070041413E /* ViewController.swift */,
				245D6B2B21FE497D0041413E /* UserViewModel.swift */,
				245D6B2921FE48BE0041413E /* User.swift */,
				2460840D22078F7C0022AC61 /* Box.swift */,
				245D6AFF21FE48070041413E /* Main.storyboard */,
				245D6B0221FE48090041413E /* Assets.xcassets */,
				245D6B0421FE48090041413E /* LaunchScreen.storyboard */,
				245D6B0721FE480A0041413E /* Info.plist */,
			);
			path = MVVM;
			sourceTree = "<group>";
		};
		245D6B0F21FE480A0041413E /* MVVMTests */ = {
			isa = PBXGroup;
			children = (
				245D6B1021FE480A0041413E /* MVVMTests.swift */,
				245D6B1221FE480A0041413E /* Info.plist */,
			);
			path = MVVMTests;
			sourceTree = "<group>";
		};
		245D6B1A21FE480A0041413E /* MVVMUITests */ = {
			isa = PBXGroup;
			children = (
				245D6B1B21FE480A0041413E /* MVVMUITests.swift */,
				245D6B1D21FE480A0041413E /* Info.plist */,
			);
			path = MVVMUITests;
			sourceTree = "<group>";
		};
/* End PBXGroup section */

/* Begin PBXNativeTarget section */
		245D6AF721FE48070041413E /* MVVM */ = {
			isa = PBXNativeTarget;
			buildConfigurationList = 245D6B2021FE480A0041413E /* Build configuration list for PBXNativeTarget "MVVM" */;
			buildPhases = (
				245D6AF421FE48070041413E /* Sources */,
				245D6AF521FE48070041413E /* Frameworks */,
				245D6AF621FE48070041413E /* Resources */,
			);
			buildRules = (
			);
			dependencies = (
			);
			name = MVVM;
			productName = MVVM;
			productReference = 245D6AF821FE48070041413E /* MVVM.app */;
			productType = "com.apple.product-type.application";
		};
		245D6B0B21FE480A0041413E /* MVVMTests */ = {
			isa = PBXNativeTarget;
			buildConfigurationList = 245D6B2321FE480A0041413E /* Build configuration list for PBXNativeTarget "MVVMTests" */;
			buildPhases = (
				245D6B0821FE480A0041413E /* Sources */,
				245D6B0921FE480A0041413E /* Frameworks */,
				245D6B0A21FE480A0041413E /* Resources */,
			);
			buildRules = (
			);
			dependencies = (
				245D6B0E21FE480A0041413E /* PBXTargetDependency */,
			);
			name = MVVMTests;
			productName = MVVMTests;
			productReference = 245D6B0C21FE480A0041413E /* MVVMTests.xctest */;
			productType = "com.apple.product-type.bundle.unit-test";
		};
		245D6B1621FE480A0041413E /* MVVMUITests */ = {
			isa = PBXNativeTarget;
			buildConfigurationList = 245D6B2621FE480A0041413E /* Build configuration list for PBXNativeTarget "MVVMUITests" */;
			buildPhases = (
				245D6B1321FE480A0041413E /* Sources */,
				245D6B1421FE480A0041413E /* Frameworks */,
				245D6B1521FE480A0041413E /* Resources */,
			);
			buildRules = (
			);
			dependencies = (
				245D6B1921FE480A0041413E /* PBXTargetDependency */,
			);
			name = MVVMUITests;
			productName = MVVMUITests;
			productReference = 245D6B1721FE480A0041413E /* MVVMUITests.xctest */;
			productType = "com.apple.product-type.bundle.ui-testing";
		};
/* End PBXNativeTarget section */

/* Begin PBXProject section */
		245D6AF021FE48070041413E /* Project object */ = {
			isa = PBXProject;
			attributes = {
				LastSwiftUpdateCheck = 1010;
				LastUpgradeCheck = 1010;
				ORGANIZATIONNAME = "Serhii K";
				TargetAttributes = {
					245D6AF721FE48070041413E = {
						CreatedOnToolsVersion = 10.1;
					};
					245D6B0B21FE480A0041413E = {
						CreatedOnToolsVersion = 10.1;
						TestTargetID = 245D6AF721FE48070041413E;
					};
					245D6B1621FE480A0041413E = {
						CreatedOnToolsVersion = 10.1;
						TestTargetID = 245D6AF721FE48070041413E;
					};
				};
			};
			buildConfigurationList = 245D6AF321FE48070041413E /* Build configuration list for PBXProject "MVVM" */;
			compatibilityVersion = "Xcode 9.3";
			developmentRegion = en;
			hasScannedForEncodings = 0;
			knownRegions = (
				en,
				Base,
			);
			mainGroup = 245D6AEF21FE48070041413E;
			productRefGroup = 245D6AF921FE48070041413E /* Products */;
			projectDirPath = "";
			projectRoot = "";
			targets = (
				245D6AF721FE48070041413E /* MVVM */,
				245D6B0B21FE480A0041413E /* MVVMTests */,
				245D6B1621FE480A0041413E /* MVVMUITests */,
			);
		};
/* End PBXProject section */

/* Begin PBXResourcesBuildPhase section */
		245D6AF621FE48070041413E /* Resources */ = {
			isa = PBXResourcesBuildPhase;
			buildActionMask = 2147483647;
			files = (
				245D6B0621FE48090041413E /* LaunchScreen.storyboard in Resources */,
				245D6B0321FE48090041413E /* Assets.xcassets in Resources */,
				245D6B0121FE48070041413E /* Main.storyboard in Resources */,
			);
			runOnlyForDeploymentPostprocessing = 0;
		};
		245D6B0A21FE480A0041413E /* Resources */ = {
			isa = PBXResourcesBuildPhase;
			buildActionMask = 2147483647;
			files = (
			);
			runOnlyForDeploymentPostprocessing = 0;
		};
		245D6B1521FE480A0041413E /* Resources */ = {
			isa = PBXResourcesBuildPhase;
			buildActionMask = 2147483647;
			files = (
			);
			runOnlyForDeploymentPostprocessing = 0;
		};
/* End PBXResourcesBuildPhase section */

/* Begin PBXSourcesBuildPhase section */
		245D6AF421FE48070041413E /* Sources */ = {
			isa = PBXSourcesBuildPhase;
			buildActionMask = 2147483647;
			files = (
				245D6AFE21FE48070041413E /* ViewController.swift in Sources */,
				2460840E22078F7C0022AC61 /* Box.swift in Sources */,
				245D6B2C21FE497D0041413E /* UserViewModel.swift in Sources */,
				245D6AFC21FE48070041413E /* AppDelegate.swift in Sources */,
				245D6B2A21FE48BE0041413E /* User.swift in Sources */,
			);
			runOnlyForDeploymentPostprocessing = 0;
		};
		245D6B0821FE480A0041413E /* Sources */ = {
			isa = PBXSourcesBuildPhase;
			buildActionMask = 2147483647;
			files = (
				245D6B1121FE480A0041413E /* MVVMTests.swift in Sources */,
			);
			runOnlyForDeploymentPostprocessing = 0;
		};
		245D6B1321FE480A0041413E /* Sources */ = {
			isa = PBXSourcesBuildPhase;
			buildActionMask = 2147483647;
			files = (
				245D6B1C21FE480A0041413E /* MVVMUITests.swift in Sources */,
			);
			runOnlyForDeploymentPostprocessing = 0;
		};
/* End PBXSourcesBuildPhase section */

/* Begin PBXTargetDependency section */
		245D6B0E21FE480A0041413E /* PBXTargetDependency */ = {
			isa = PBXTargetDependency;
			target = 245D6AF721FE48070041413E /* MVVM */;
			targetProxy = 245D6B0D21FE480A0041413E /* PBXContainerItemProxy */;
		};
		245D6B1921FE480A0041413E /* PBXTargetDependency */ = {
			isa = PBXTargetDependency;
			target = 245D6AF721FE48070041413E /* MVVM */;
			targetProxy = 245D6B1821FE480A0041413E /* PBXContainerItemProxy */;
		};
/* End PBXTargetDependency section */

/* Begin PBXVariantGroup section */
		245D6AFF21FE48070041413E /* Main.storyboard */ = {
			isa = PBXVariantGroup;
			children = (
				245D6B0021FE48070041413E /* Base */,
			);
			name = Main.storyboard;
			sourceTree = "<group>";
		};
		245D6B0421FE48090041413E /* LaunchScreen.storyboard */ = {
			isa = PBXVariantGroup;
			children = (
				245D6B0521FE48090041413E /* Base */,
			);
			name = LaunchScreen.storyboard;
			sourceTree = "<group>";
		};
/* End PBXVariantGroup section */

/* Begin XCBuildConfiguration section */
		245D6B1E21FE480A0041413E /* Debug */ = {
			isa = XCBuildConfiguration;
			buildSettings = {
				ALWAYS_SEARCH_USER_PATHS = NO;
				CLANG_ANALYZER_NONNULL = YES;
				CLANG_ANALYZER_NUMBER_OBJECT_CONVERSION = YES_AGGRESSIVE;
				CLANG_CXX_LANGUAGE_STANDARD = "gnu++14";
				CLANG_CXX_LIBRARY = "libc++";
				CLANG_ENABLE_MODULES = YES;
				CLANG_ENABLE_OBJC_ARC = YES;
				CLANG_ENABLE_OBJC_WEAK = YES;
				CLANG_WARN_BLOCK_CAPTURE_AUTORELEASING = YES;
				CLANG_WARN_BOOL_CONVERSION = YES;
				CLANG_WARN_COMMA = YES;
				CLANG_WARN_CONSTANT_CONVERSION = YES;
				CLANG_WARN_DEPRECATED_OBJC_IMPLEMENTATIONS = YES;
				CLANG_WARN_DIRECT_OBJC_ISA_USAGE = YES_ERROR;
				CLANG_WARN_DOCUMENTATION_COMMENTS = YES;
				CLANG_WARN_EMPTY_BODY = YES;
				CLANG_WARN_ENUM_CONVERSION = YES;
				CLANG_WARN_INFINITE_RECURSION = YES;
				CLANG_WARN_INT_CONVERSION = YES;
				CLANG_WARN_NON_LITERAL_NULL_CONVERSION = YES;
				CLANG_WARN_OBJC_IMPLICIT_RETAIN_SELF = YES;
				CLANG_WARN_OBJC_LITERAL_CONVERSION = YES;
				CLANG_WARN_OBJC_ROOT_CLASS = YES_ERROR;
				CLANG_WARN_RANGE_LOOP_ANALYSIS = YES;
				CLANG_WARN_STRICT_PROTOTYPES = YES;
				CLANG_WARN_SUSPICIOUS_MOVE = YES;
				CLANG_WARN_UNGUARDED_AVAILABILITY = YES_AGGRESSIVE;
				CLANG_WARN_UNREACHABLE_CODE = YES;
				CLANG_WARN__DUPLICATE_METHOD_MATCH = YES;
				CODE_SIGN_IDENTITY = "iPhone Developer";
				COPY_PHASE_STRIP = NO;
				DEBUG_INFORMATION_FORMAT = dwarf;
				ENABLE_STRICT_OBJC_MSGSEND = YES;
				ENABLE_TESTABILITY = YES;
				GCC_C_LANGUAGE_STANDARD = gnu11;
				GCC_DYNAMIC_NO_PIC = NO;
				GCC_NO_COMMON_BLOCKS = YES;
				GCC_OPTIMIZATION_LEVEL = 0;
				GCC_PREPROCESSOR_DEFINITIONS = (
					"DEBUG=1",
					"$(inherited)",
				);
				GCC_WARN_64_TO_32_BIT_CONVERSION = YES;
				GCC_WARN_ABOUT_RETURN_TYPE = YES_ERROR;
				GCC_WARN_UNDECLARED_SELECTOR = YES;
				GCC_WARN_UNINITIALIZED_AUTOS = YES_AGGRESSIVE;
				GCC_WARN_UNUSED_FUNCTION = YES;
				GCC_WARN_UNUSED_VARIABLE = YES;
				IPHONEOS_DEPLOYMENT_TARGET = 12.1;
				MTL_ENABLE_DEBUG_INFO = INCLUDE_SOURCE;
				MTL_FAST_MATH = YES;
				ONLY_ACTIVE_ARCH = YES;
				SDKROOT = iphoneos;
				SWIFT_ACTIVE_COMPILATION_CONDITIONS = DEBUG;
				SWIFT_OPTIMIZATION_LEVEL = "-Onone";
			};
			name = Debug;
		};
		245D6B1F21FE480A0041413E /* Release */ = {
			isa = XCBuildConfiguration;
			buildSettings = {
				ALWAYS_SEARCH_USER_PATHS = NO;
				CLANG_ANALYZER_NONNULL = YES;
				CLANG_ANALYZER_NUMBER_OBJECT_CONVERSION = YES_AGGRESSIVE;
				CLANG_CXX_LANGUAGE_STANDARD = "gnu++14";
				CLANG_CXX_LIBRARY = "libc++";
				CLANG_ENABLE_MODULES = YES;
				CLANG_ENABLE_OBJC_ARC = YES;
				CLANG_ENABLE_OBJC_WEAK = YES;
				CLANG_WARN_BLOCK_CAPTURE_AUTORELEASING = YES;
				CLANG_WARN_BOOL_CONVERSION = YES;
				CLANG_WARN_COMMA = YES;
				CLANG_WARN_CONSTANT_CONVERSION = YES;
				CLANG_WARN_DEPRECATED_OBJC_IMPLEMENTATIONS = YES;
				CLANG_WARN_DIRECT_OBJC_ISA_USAGE = YES_ERROR;
				CLANG_WARN_DOCUMENTATION_COMMENTS = YES;
				CLANG_WARN_EMPTY_BODY = YES;
				CLANG_WARN_ENUM_CONVERSION = YES;
				CLANG_WARN_INFINITE_RECURSION = YES;
				CLANG_WARN_INT_CONVERSION = YES;
				CLANG_WARN_NON_LITERAL_NULL_CONVERSION = YES;
				CLANG_WARN_OBJC_IMPLICIT_RETAIN_SELF = YES;
				CLANG_WARN_OBJC_LITERAL_CONVERSION = YES;
				CLANG_WARN_OBJC_ROOT_CLASS = YES_ERROR;
				CLANG_WARN_RANGE_LOOP_ANALYSIS = YES;
				CLANG_WARN_STRICT_PROTOTYPES = YES;
				CLANG_WARN_SUSPICIOUS_MOVE = YES;
				CLANG_WARN_UNGUARDED_AVAILABILITY = YES_AGGRESSIVE;
				CLANG_WARN_UNREACHABLE_CODE = YES;
				CLANG_WARN__DUPLICATE_METHOD_MATCH = YES;
				CODE_SIGN_IDENTITY = "iPhone Developer";
				COPY_PHASE_STRIP = NO;
				DEBUG_INFORMATION_FORMAT = "dwarf-with-dsym";
				ENABLE_NS_ASSERTIONS = NO;
				ENABLE_STRICT_OBJC_MSGSEND = YES;
				GCC_C_LANGUAGE_STANDARD = gnu11;
				GCC_NO_COMMON_BLOCKS = YES;
				GCC_WARN_64_TO_32_BIT_CONVERSION = YES;
				GCC_WARN_ABOUT_RETURN_TYPE = YES_ERROR;
				GCC_WARN_UNDECLARED_SELECTOR = YES;
				GCC_WARN_UNINITIALIZED_AUTOS = YES_AGGRESSIVE;
				GCC_WARN_UNUSED_FUNCTION = YES;
				GCC_WARN_UNUSED_VARIABLE = YES;
				IPHONEOS_DEPLOYMENT_TARGET = 12.1;
				MTL_ENABLE_DEBUG_INFO = NO;
				MTL_FAST_MATH = YES;
				SDKROOT = iphoneos;
				SWIFT_COMPILATION_MODE = wholemodule;
				SWIFT_OPTIMIZATION_LEVEL = "-O";
				VALIDATE_PRODUCT = YES;
			};
			name = Release;
		};
		245D6B2121FE480A0041413E /* Debug */ = {
			isa = XCBuildConfiguration;
			buildSettings = {
				ASSETCATALOG_COMPILER_APPICON_NAME = AppIcon;
				CODE_SIGN_STYLE = Manual;
				DEVELOPMENT_TEAM = "";
				INFOPLIST_FILE = MVVM/Info.plist;
				LD_RUNPATH_SEARCH_PATHS = (
					"$(inherited)",
					"@executable_path/Frameworks",
				);
				PRODUCT_BUNDLE_IDENTIFIER = com.gmail.bicycle2life.MVVM;
				PRODUCT_NAME = "$(TARGET_NAME)";
				PROVISIONING_PROFILE_SPECIFIER = "";
				SWIFT_VERSION = 4.2;
				TARGETED_DEVICE_FAMILY = "1,2";
			};
			name = Debug;
		};
		245D6B2221FE480A0041413E /* Release */ = {
			isa = XCBuildConfiguration;
			buildSettings = {
				ASSETCATALOG_COMPILER_APPICON_NAME = AppIcon;
				CODE_SIGN_STYLE = Manual;
				DEVELOPMENT_TEAM = "";
				INFOPLIST_FILE = MVVM/Info.plist;
				LD_RUNPATH_SEARCH_PATHS = (
					"$(inherited)",
					"@executable_path/Frameworks",
				);
				PRODUCT_BUNDLE_IDENTIFIER = com.gmail.bicycle2life.MVVM;
				PRODUCT_NAME = "$(TARGET_NAME)";
				PROVISIONING_PROFILE_SPECIFIER = "";
				SWIFT_VERSION = 4.2;
				TARGETED_DEVICE_FAMILY = "1,2";
			};
			name = Release;
		};
		245D6B2421FE480A0041413E /* Debug */ = {
			isa = XCBuildConfiguration;
			buildSettings = {
				ALWAYS_EMBED_SWIFT_STANDARD_LIBRARIES = YES;
				BUNDLE_LOADER = "$(TEST_HOST)";
				CODE_SIGN_STYLE = Automatic;
				DEVELOPMENT_TEAM = 3MKUUZEFBH;
				INFOPLIST_FILE = MVVMTests/Info.plist;
				LD_RUNPATH_SEARCH_PATHS = (
					"$(inherited)",
					"@executable_path/Frameworks",
					"@loader_path/Frameworks",
				);
				PRODUCT_BUNDLE_IDENTIFIER = com.gmail.bicycle2life.MVVMTests;
				PRODUCT_NAME = "$(TARGET_NAME)";
				SWIFT_VERSION = 4.2;
				TARGETED_DEVICE_FAMILY = "1,2";
				TEST_HOST = "$(BUILT_PRODUCTS_DIR)/MVVM.app/MVVM";
			};
			name = Debug;
		};
		245D6B2521FE480A0041413E /* Release */ = {
			isa = XCBuildConfiguration;
			buildSettings = {
				ALWAYS_EMBED_SWIFT_STANDARD_LIBRARIES = YES;
				BUNDLE_LOADER = "$(TEST_HOST)";
				CODE_SIGN_STYLE = Automatic;
				DEVELOPMENT_TEAM = 3MKUUZEFBH;
				INFOPLIST_FILE = MVVMTests/Info.plist;
				LD_RUNPATH_SEARCH_PATHS = (
					"$(inherited)",
					"@executable_path/Frameworks",
					"@loader_path/Frameworks",
				);
				PRODUCT_BUNDLE_IDENTIFIER = com.gmail.bicycle2life.MVVMTests;
				PRODUCT_NAME = "$(TARGET_NAME)";
				SWIFT_VERSION = 4.2;
				TARGETED_DEVICE_FAMILY = "1,2";
				TEST_HOST = "$(BUILT_PRODUCTS_DIR)/MVVM.app/MVVM";
			};
			name = Release;
		};
		245D6B2721FE480A0041413E /* Debug */ = {
			isa = XCBuildConfiguration;
			buildSettings = {
				ALWAYS_EMBED_SWIFT_STANDARD_LIBRARIES = YES;
				CODE_SIGN_STYLE = Automatic;
				DEVELOPMENT_TEAM = 3MKUUZEFBH;
				INFOPLIST_FILE = MVVMUITests/Info.plist;
				LD_RUNPATH_SEARCH_PATHS = (
					"$(inherited)",
					"@executable_path/Frameworks",
					"@loader_path/Frameworks",
				);
				PRODUCT_BUNDLE_IDENTIFIER = com.gmail.bicycle2life.MVVMUITests;
				PRODUCT_NAME = "$(TARGET_NAME)";
				SWIFT_VERSION = 4.2;
				TARGETED_DEVICE_FAMILY = "1,2";
				TEST_TARGET_NAME = MVVM;
			};
			name = Debug;
		};
		245D6B2821FE480A0041413E /* Release */ = {
			isa = XCBuildConfiguration;
			buildSettings = {
				ALWAYS_EMBED_SWIFT_STANDARD_LIBRARIES = YES;
				CODE_SIGN_STYLE = Automatic;
				DEVELOPMENT_TEAM = 3MKUUZEFBH;
				INFOPLIST_FILE = MVVMUITests/Info.plist;
				LD_RUNPATH_SEARCH_PATHS = (
					"$(inherited)",
					"@executable_path/Frameworks",
					"@loader_path/Frameworks",
				);
				PRODUCT_BUNDLE_IDENTIFIER = com.gmail.bicycle2life.MVVMUITests;
				PRODUCT_NAME = "$(TARGET_NAME)";
				SWIFT_VERSION = 4.2;
				TARGETED_DEVICE_FAMILY = "1,2";
				TEST_TARGET_NAME = MVVM;
			};
			name = Release;
		};
/* End XCBuildConfiguration section */

/* Begin XCConfigurationList section */
		245D6AF321FE48070041413E /* Build configuration list for PBXProject "MVVM" */ = {
			isa = XCConfigurationList;
			buildConfigurations = (
				245D6B1E21FE480A0041413E /* Debug */,
				245D6B1F21FE480A0041413E /* Release */,
			);
			defaultConfigurationIsVisible = 0;
			defaultConfigurationName = Release;
		};
		245D6B2021FE480A0041413E /* Build configuration list for PBXNativeTarget "MVVM" */ = {
			isa = XCConfigurationList;
			buildConfigurations = (
				245D6B2121FE480A0041413E /* Debug */,
				245D6B2221FE480A0041413E /* Release */,
			);
			defaultConfigurationIsVisible = 0;
			defaultConfigurationName = Release;
		};
		245D6B2321FE480A0041413E /* Build configuration list for PBXNativeTarget "MVVMTests" */ = {
			isa = XCConfigurationList;
			buildConfigurations = (
				245D6B2421FE480A0041413E /* Debug */,
				245D6B2521FE480A0041413E /* Release */,
			);
			defaultConfigurationIsVisible = 0;
			defaultConfigurationName = Release;
		};
		245D6B2621FE480A0041413E /* Build configuration list for PBXNativeTarget "MVVMUITests" */ = {
			isa = XCConfigurationList;
			buildConfigurations = (
				245D6B2721FE480A0041413E /* Debug */,
				245D6B2821FE480A0041413E /* Release */,
			);
			defaultConfigurationIsVisible = 0;
			defaultConfigurationName = Release;
		};
/* End XCConfigurationList section */
	};
	rootObject = 245D6AF021FE48070041413E /* Project object */;
}
